// !$*UTF8*$!
{
	archiveVersion = 1;
	classes = {
	};
	objectVersion = 56;
	objects = {

/* Begin PBXBuildFile section */
		22A2841A285D202600EC7D7F /* SwiftChartsDemoApp.swift in Sources */ = {isa = PBXBuildFile; fileRef = 22A28419285D202600EC7D7F /* SwiftChartsDemoApp.swift */; };
		22A2841C285D202600EC7D7F /* ContentView.swift in Sources */ = {isa = PBXBuildFile; fileRef = 22A2841B285D202600EC7D7F /* ContentView.swift */; };
		22A2841E285D202700EC7D7F /* Assets.xcassets in Resources */ = {isa = PBXBuildFile; fileRef = 22A2841D285D202700EC7D7F /* Assets.xcassets */; };
		22A28421285D202700EC7D7F /* Preview Assets.xcassets in Resources */ = {isa = PBXBuildFile; fileRef = 22A28420285D202700EC7D7F /* Preview Assets.xcassets */; };
		22A2842B285D202700EC7D7F /* SwiftChartsDemoTests.swift in Sources */ = {isa = PBXBuildFile; fileRef = 22A2842A285D202700EC7D7F /* SwiftChartsDemoTests.swift */; };
		22A28435285D202700EC7D7F /* SwiftChartsDemoUITests.swift in Sources */ = {isa = PBXBuildFile; fileRef = 22A28434285D202700EC7D7F /* SwiftChartsDemoUITests.swift */; };
		22A28437285D202700EC7D7F /* SwiftChartsDemoUITestsLaunchTests.swift in Sources */ = {isa = PBXBuildFile; fileRef = 22A28436285D202700EC7D7F /* SwiftChartsDemoUITestsLaunchTests.swift */; };
/* End PBXBuildFile section */

/* Begin PBXContainerItemProxy section */
		22A28427285D202700EC7D7F /* PBXContainerItemProxy */ = {
			isa = PBXContainerItemProxy;
			containerPortal = 22A2840E285D202600EC7D7F /* Project object */;
			proxyType = 1;
			remoteGlobalIDString = 22A28415285D202600EC7D7F;
			remoteInfo = SwiftChartsDemo;
		};
		22A28431285D202700EC7D7F /* PBXContainerItemProxy */ = {
			isa = PBXContainerItemProxy;
			containerPortal = 22A2840E285D202600EC7D7F /* Project object */;
			proxyType = 1;
			remoteGlobalIDString = 22A28415285D202600EC7D7F;
			remoteInfo = SwiftChartsDemo;
		};
/* End PBXContainerItemProxy section */

/* Begin PBXFileReference section */
		22A28416285D202600EC7D7F /* SwiftChartsDemo.app */ = {isa = PBXFileReference; explicitFileType = wrapper.application; includeInIndex = 0; path = SwiftChartsDemo.app; sourceTree = BUILT_PRODUCTS_DIR; };
		22A28419285D202600EC7D7F /* SwiftChartsDemoApp.swift */ = {isa = PBXFileReference; lastKnownFileType = sourcecode.swift; path = SwiftChartsDemoApp.swift; sourceTree = "<group>"; };
		22A2841B285D202600EC7D7F /* ContentView.swift */ = {isa = PBXFileReference; lastKnownFileType = sourcecode.swift; path = ContentView.swift; sourceTree = "<group>"; };
		22A2841D285D202700EC7D7F /* Assets.xcassets */ = {isa = PBXFileReference; lastKnownFileType = folder.assetcatalog; path = Assets.xcassets; sourceTree = "<group>"; };
		22A28420285D202700EC7D7F /* Preview Assets.xcassets */ = {isa = PBXFileReference; lastKnownFileType = folder.assetcatalog; path = "Preview Assets.xcassets"; sourceTree = "<group>"; };
		22A28426285D202700EC7D7F /* SwiftChartsDemoTests.xctest */ = {isa = PBXFileReference; explicitFileType = wrapper.cfbundle; includeInIndex = 0; path = SwiftChartsDemoTests.xctest; sourceTree = BUILT_PRODUCTS_DIR; };
		22A2842A285D202700EC7D7F /* SwiftChartsDemoTests.swift */ = {isa = PBXFileReference; lastKnownFileType = sourcecode.swift; path = SwiftChartsDemoTests.swift; sourceTree = "<group>"; };
		22A28430285D202700EC7D7F /* SwiftChartsDemoUITests.xctest */ = {isa = PBXFileReference; explicitFileType = wrapper.cfbundle; includeInIndex = 0; path = SwiftChartsDemoUITests.xctest; sourceTree = BUILT_PRODUCTS_DIR; };
		22A28434285D202700EC7D7F /* SwiftChartsDemoUITests.swift */ = {isa = PBXFileReference; lastKnownFileType = sourcecode.swift; path = SwiftChartsDemoUITests.swift; sourceTree = "<group>"; };
		22A28436285D202700EC7D7F /* SwiftChartsDemoUITestsLaunchTests.swift */ = {isa = PBXFileReference; lastKnownFileType = sourcecode.swift; path = SwiftChartsDemoUITestsLaunchTests.swift; sourceTree = "<group>"; };
/* End PBXFileReference section */

/* Begin PBXFrameworksBuildPhase section */
		22A28413285D202600EC7D7F /* Frameworks */ = {
			isa = PBXFrameworksBuildPhase;
			buildActionMask = 2147483647;
			files = (
			);
			runOnlyForDeploymentPostprocessing = 0;
		};
		22A28423285D202700EC7D7F /* Frameworks */ = {
			isa = PBXFrameworksBuildPhase;
			buildActionMask = 2147483647;
			files = (
			);
			runOnlyForDeploymentPostprocessing = 0;
		};
		22A2842D285D202700EC7D7F /* Frameworks */ = {
			isa = PBXFrameworksBuildPhase;
			buildActionMask = 2147483647;
			files = (
			);
			runOnlyForDeploymentPostprocessing = 0;
		};
/* End PBXFrameworksBuildPhase section */

/* Begin PBXGroup section */
		22A2840D285D202600EC7D7F = {
			isa = PBXGroup;
			children = (
				22A28418285D202600EC7D7F /* SwiftChartsDemo */,
				22A28429285D202700EC7D7F /* SwiftChartsDemoTests */,
				22A28433285D202700EC7D7F /* SwiftChartsDemoUITests */,
				22A28417285D202600EC7D7F /* Products */,
			);
			sourceTree = "<group>";
		};
		22A28417285D202600EC7D7F /* Products */ = {
			isa = PBXGroup;
			children = (
				22A28416285D202600EC7D7F /* SwiftChartsDemo.app */,
				22A28426285D202700EC7D7F /* SwiftChartsDemoTests.xctest */,
				22A28430285D202700EC7D7F /* SwiftChartsDemoUITests.xctest */,
			);
			name = Products;
			sourceTree = "<group>";
		};
		22A28418285D202600EC7D7F /* SwiftChartsDemo */ = {
			isa = PBXGroup;
			children = (
				22A28419285D202600EC7D7F /* SwiftChartsDemoApp.swift */,
				22A2841B285D202600EC7D7F /* ContentView.swift */,
				22A2841D285D202700EC7D7F /* Assets.xcassets */,
				22A2841F285D202700EC7D7F /* Preview Content */,
			);
			path = SwiftChartsDemo;
			sourceTree = "<group>";
		};
		22A2841F285D202700EC7D7F /* Preview Content */ = {
			isa = PBXGroup;
			children = (
				22A28420285D202700EC7D7F /* Preview Assets.xcassets */,
			);
			path = "Preview Content";
			sourceTree = "<group>";
		};
		22A28429285D202700EC7D7F /* SwiftChartsDemoTests */ = {
			isa = PBXGroup;
			children = (
				22A2842A285D202700EC7D7F /* SwiftChartsDemoTests.swift */,
			);
			path = SwiftChartsDemoTests;
			sourceTree = "<group>";
		};
		22A28433285D202700EC7D7F /* SwiftChartsDemoUITests */ = {
			isa = PBXGroup;
			children = (
				22A28434285D202700EC7D7F /* SwiftChartsDemoUITests.swift */,
				22A28436285D202700EC7D7F /* SwiftChartsDemoUITestsLaunchTests.swift */,
			);
			path = SwiftChartsDemoUITests;
			sourceTree = "<group>";
		};
/* End PBXGroup section */

/* Begin PBXNativeTarget section */
		22A28415285D202600EC7D7F /* SwiftChartsDemo */ = {
			isa = PBXNativeTarget;
			buildConfigurationList = 22A2843A285D202700EC7D7F /* Build configuration list for PBXNativeTarget "SwiftChartsDemo" */;
			buildPhases = (
				22A28412285D202600EC7D7F /* Sources */,
				22A28413285D202600EC7D7F /* Frameworks */,
				22A28414285D202600EC7D7F /* Resources */,
			);
			buildRules = (
			);
			dependencies = (
			);
			name = SwiftChartsDemo;
			productName = SwiftChartsDemo;
			productReference = 22A28416285D202600EC7D7F /* SwiftChartsDemo.app */;
			productType = "com.apple.product-type.application";
		};
		22A28425285D202700EC7D7F /* SwiftChartsDemoTests */ = {
			isa = PBXNativeTarget;
			buildConfigurationList = 22A2843D285D202700EC7D7F /* Build configuration list for PBXNativeTarget "SwiftChartsDemoTests" */;
			buildPhases = (
				22A28422285D202700EC7D7F /* Sources */,
				22A28423285D202700EC7D7F /* Frameworks */,
				22A28424285D202700EC7D7F /* Resources */,
			);
			buildRules = (
			);
			dependencies = (
				22A28428285D202700EC7D7F /* PBXTargetDependency */,
			);
			name = SwiftChartsDemoTests;
			productName = SwiftChartsDemoTests;
			productReference = 22A28426285D202700EC7D7F /* SwiftChartsDemoTests.xctest */;
			productType = "com.apple.product-type.bundle.unit-test";
		};
		22A2842F285D202700EC7D7F /* SwiftChartsDemoUITests */ = {
			isa = PBXNativeTarget;
			buildConfigurationList = 22A28440285D202700EC7D7F /* Build configuration list for PBXNativeTarget "SwiftChartsDemoUITests" */;
			buildPhases = (
				22A2842C285D202700EC7D7F /* Sources */,
				22A2842D285D202700EC7D7F /* Frameworks */,
				22A2842E285D202700EC7D7F /* Resources */,
			);
			buildRules = (
			);
			dependencies = (
				22A28432285D202700EC7D7F /* PBXTargetDependency */,
			);
			name = SwiftChartsDemoUITests;
			productName = SwiftChartsDemoUITests;
			productReference = 22A28430285D202700EC7D7F /* SwiftChartsDemoUITests.xctest */;
			productType = "com.apple.product-type.bundle.ui-testing";
		};
/* End PBXNativeTarget section */

/* Begin PBXProject section */
		22A2840E285D202600EC7D7F /* Project object */ = {
			isa = PBXProject;
			attributes = {
				BuildIndependentTargetsInParallel = 1;
				LastSwiftUpdateCheck = 1400;
				LastUpgradeCheck = 1400;
				TargetAttributes = {
					22A28415285D202600EC7D7F = {
						CreatedOnToolsVersion = 14.0;
					};
					22A28425285D202700EC7D7F = {
						CreatedOnToolsVersion = 14.0;
						TestTargetID = 22A28415285D202600EC7D7F;
					};
					22A2842F285D202700EC7D7F = {
						CreatedOnToolsVersion = 14.0;
						TestTargetID = 22A28415285D202600EC7D7F;
					};
				};
			};
			buildConfigurationList = 22A28411285D202600EC7D7F /* Build configuration list for PBXProject "SwiftChartsDemo" */;
			compatibilityVersion = "Xcode 14.0";
			developmentRegion = en;
			hasScannedForEncodings = 0;
			knownRegions = (
				en,
				Base,
			);
			mainGroup = 22A2840D285D202600EC7D7F;
			productRefGroup = 22A28417285D202600EC7D7F /* Products */;
			projectDirPath = "";
			projectRoot = "";
			targets = (
				22A28415285D202600EC7D7F /* SwiftChartsDemo */,
				22A28425285D202700EC7D7F /* SwiftChartsDemoTests */,
				22A2842F285D202700EC7D7F /* SwiftChartsDemoUITests */,
			);
		};
/* End PBXProject section */

/* Begin PBXResourcesBuildPhase section */
		22A28414285D202600EC7D7F /* Resources */ = {
			isa = PBXResourcesBuildPhase;
			buildActionMask = 2147483647;
			files = (
				22A28421285D202700EC7D7F /* Preview Assets.xcassets in Resources */,
				22A2841E285D202700EC7D7F /* Assets.xcassets in Resources */,
			);
			runOnlyForDeploymentPostprocessing = 0;
		};
		22A28424285D202700EC7D7F /* Resources */ = {
			isa = PBXResourcesBuildPhase;
			buildActionMask = 2147483647;
			files = (
			);
			runOnlyForDeploymentPostprocessing = 0;
		};
		22A2842E285D202700EC7D7F /* Resources */ = {
			isa = PBXResourcesBuildPhase;
			buildActionMask = 2147483647;
			files = (
			);
			runOnlyForDeploymentPostprocessing = 0;
		};
/* End PBXResourcesBuildPhase section */

/* Begin PBXSourcesBuildPhase section */
		22A28412285D202600EC7D7F /* Sources */ = {
			isa = PBXSourcesBuildPhase;
			buildActionMask = 2147483647;
			files = (
				22A2841C285D202600EC7D7F /* ContentView.swift in Sources */,
				22A2841A285D202600EC7D7F /* SwiftChartsDemoApp.swift in Sources */,
			);
			runOnlyForDeploymentPostprocessing = 0;
		};
		22A28422285D202700EC7D7F /* Sources */ = {
			isa = PBXSourcesBuildPhase;
			buildActionMask = 2147483647;
			files = (
				22A2842B285D202700EC7D7F /* SwiftChartsDemoTests.swift in Sources */,
			);
			runOnlyForDeploymentPostprocessing = 0;
		};
		22A2842C285D202700EC7D7F /* Sources */ = {
			isa = PBXSourcesBuildPhase;
			buildActionMask = 2147483647;
			files = (
				22A28437285D202700EC7D7F /* SwiftChartsDemoUITestsLaunchTests.swift in Sources */,
				22A28435285D202700EC7D7F /* SwiftChartsDemoUITests.swift in Sources */,
			);
			runOnlyForDeploymentPostprocessing = 0;
		};
/* End PBXSourcesBuildPhase section */

/* Begin PBXTargetDependency section */
		22A28428285D202700EC7D7F /* PBXTargetDependency */ = {
			isa = PBXTargetDependency;
			target = 22A28415285D202600EC7D7F /* SwiftChartsDemo */;
			targetProxy = 22A28427285D202700EC7D7F /* PBXContainerItemProxy */;
		};
		22A28432285D202700EC7D7F /* PBXTargetDependency */ = {
			isa = PBXTargetDependency;
			target = 22A28415285D202600EC7D7F /* SwiftChartsDemo */;
			targetProxy = 22A28431285D202700EC7D7F /* PBXContainerItemProxy */;
		};
/* End PBXTargetDependency section */

/* Begin XCBuildConfiguration section */
		22A28438285D202700EC7D7F /* Debug */ = {
			isa = XCBuildConfiguration;
			buildSettings = {
				ALWAYS_SEARCH_USER_PATHS = NO;
				CLANG_ANALYZER_NONNULL = YES;
				CLANG_ANALYZER_NUMBER_OBJECT_CONVERSION = YES_AGGRESSIVE;
				CLANG_CXX_LANGUAGE_STANDARD = "gnu++17";
				CLANG_ENABLE_MODULES = YES;
				CLANG_ENABLE_OBJC_ARC = YES;
				CLANG_ENABLE_OBJC_WEAK = YES;
				CLANG_WARN_BLOCK_CAPTURE_AUTORELEASING = YES;
				CLANG_WARN_BOOL_CONVERSION = YES;
				CLANG_WARN_COMMA = YES;
				CLANG_WARN_CONSTANT_CONVERSION = YES;
				CLANG_WARN_DEPRECATED_OBJC_IMPLEMENTATIONS = YES;
				CLANG_WARN_DIRECT_OBJC_ISA_USAGE = YES_ERROR;
				CLANG_WARN_DOCUMENTATION_COMMENTS = YES;
				CLANG_WARN_EMPTY_BODY = YES;
				CLANG_WARN_ENUM_CONVERSION = YES;
				CLANG_WARN_INFINITE_RECURSION = YES;
				CLANG_WARN_INT_CONVERSION = YES;
				CLANG_WARN_NON_LITERAL_NULL_CONVERSION = YES;
				CLANG_WARN_OBJC_IMPLICIT_RETAIN_SELF = YES;
				CLANG_WARN_OBJC_LITERAL_CONVERSION = YES;
				CLANG_WARN_OBJC_ROOT_CLASS = YES_ERROR;
				CLANG_WARN_QUOTED_INCLUDE_IN_FRAMEWORK_HEADER = YES;
				CLANG_WARN_RANGE_LOOP_ANALYSIS = YES;
				CLANG_WARN_STRICT_PROTOTYPES = YES;
				CLANG_WARN_SUSPICIOUS_MOVE = YES;
				CLANG_WARN_UNGUARDED_AVAILABILITY = YES_AGGRESSIVE;
				CLANG_WARN_UNREACHABLE_CODE = YES;
				CLANG_WARN__DUPLICATE_METHOD_MATCH = YES;
				COPY_PHASE_STRIP = NO;
				DEBUG_INFORMATION_FORMAT = dwarf;
				ENABLE_STRICT_OBJC_MSGSEND = YES;
				ENABLE_TESTABILITY = YES;
				GCC_C_LANGUAGE_STANDARD = gnu11;
				GCC_DYNAMIC_NO_PIC = NO;
				GCC_NO_COMMON_BLOCKS = YES;
				GCC_OPTIMIZATION_LEVEL = 0;
				GCC_PREPROCESSOR_DEFINITIONS = (
					"DEBUG=1",
					"$(inherited)",
				);
				GCC_WARN_64_TO_32_BIT_CONVERSION = YES;
				GCC_WARN_ABOUT_RETURN_TYPE = YES_ERROR;
				GCC_WARN_UNDECLARED_SELECTOR = YES;
				GCC_WARN_UNINITIALIZED_AUTOS = YES_AGGRESSIVE;
				GCC_WARN_UNUSED_FUNCTION = YES;
				GCC_WARN_UNUSED_VARIABLE = YES;
				IPHONEOS_DEPLOYMENT_TARGET = 16.0;
				MTL_ENABLE_DEBUG_INFO = INCLUDE_SOURCE;
				MTL_FAST_MATH = YES;
				ONLY_ACTIVE_ARCH = YES;
				SDKROOT = iphoneos;
				SWIFT_ACTIVE_COMPILATION_CONDITIONS = DEBUG;
				SWIFT_OPTIMIZATION_LEVEL = "-Onone";
			};
			name = Debug;
		};
		22A28439285D202700EC7D7F /* Release */ = {
			isa = XCBuildConfiguration;
			buildSettings = {
				ALWAYS_SEARCH_USER_PATHS = NO;
				CLANG_ANALYZER_NONNULL = YES;
				CLANG_ANALYZER_NUMBER_OBJECT_CONVERSION = YES_AGGRESSIVE;
				CLANG_CXX_LANGUAGE_STANDARD = "gnu++17";
				CLANG_ENABLE_MODULES = YES;
				CLANG_ENABLE_OBJC_ARC = YES;
				CLANG_ENABLE_OBJC_WEAK = YES;
				CLANG_WARN_BLOCK_CAPTURE_AUTORELEASING = YES;
				CLANG_WARN_BOOL_CONVERSION = YES;
				CLANG_WARN_COMMA = YES;
				CLANG_WARN_CONSTANT_CONVERSION = YES;
				CLANG_WARN_DEPRECATED_OBJC_IMPLEMENTATIONS = YES;
				CLANG_WARN_DIRECT_OBJC_ISA_USAGE = YES_ERROR;
				CLANG_WARN_DOCUMENTATION_COMMENTS = YES;
				CLANG_WARN_EMPTY_BODY = YES;
				CLANG_WARN_ENUM_CONVERSION = YES;
				CLANG_WARN_INFINITE_RECURSION = YES;
				CLANG_WARN_INT_CONVERSION = YES;
				CLANG_WARN_NON_LITERAL_NULL_CONVERSION = YES;
				CLANG_WARN_OBJC_IMPLICIT_RETAIN_SELF = YES;
				CLANG_WARN_OBJC_LITERAL_CONVERSION = YES;
				CLANG_WARN_OBJC_ROOT_CLASS = YES_ERROR;
				CLANG_WARN_QUOTED_INCLUDE_IN_FRAMEWORK_HEADER = YES;
				CLANG_WARN_RANGE_LOOP_ANALYSIS = YES;
				CLANG_WARN_STRICT_PROTOTYPES = YES;
				CLANG_WARN_SUSPICIOUS_MOVE = YES;
				CLANG_WARN_UNGUARDED_AVAILABILITY = YES_AGGRESSIVE;
				CLANG_WARN_UNREACHABLE_CODE = YES;
				CLANG_WARN__DUPLICATE_METHOD_MATCH = YES;
				COPY_PHASE_STRIP = NO;
				DEBUG_INFORMATION_FORMAT = "dwarf-with-dsym";
				ENABLE_NS_ASSERTIONS = NO;
				ENABLE_STRICT_OBJC_MSGSEND = YES;
				GCC_C_LANGUAGE_STANDARD = gnu11;
				GCC_NO_COMMON_BLOCKS = YES;
				GCC_WARN_64_TO_32_BIT_CONVERSION = YES;
				GCC_WARN_ABOUT_RETURN_TYPE = YES_ERROR;
				GCC_WARN_UNDECLARED_SELECTOR = YES;
				GCC_WARN_UNINITIALIZED_AUTOS = YES_AGGRESSIVE;
				GCC_WARN_UNUSED_FUNCTION = YES;
				GCC_WARN_UNUSED_VARIABLE = YES;
				IPHONEOS_DEPLOYMENT_TARGET = 16.0;
				MTL_ENABLE_DEBUG_INFO = NO;
				MTL_FAST_MATH = YES;
				SDKROOT = iphoneos;
				SWIFT_COMPILATION_MODE = wholemodule;
				SWIFT_OPTIMIZATION_LEVEL = "-O";
				VALIDATE_PRODUCT = YES;
			};
			name = Release;
		};
		22A2843B285D202700EC7D7F /* Debug */ = {
			isa = XCBuildConfiguration;
			buildSettings = {
				ASSETCATALOG_COMPILER_APPICON_NAME = AppIcon;
				ASSETCATALOG_COMPILER_GLOBAL_ACCENT_COLOR_NAME = AccentColor;
				CODE_SIGN_STYLE = Automatic;
				CURRENT_PROJECT_VERSION = 1;
				DEVELOPMENT_ASSET_PATHS = "\"SwiftChartsDemo/Preview Content\"";
				DEVELOPMENT_TEAM = 3KR65ZULS9;
				ENABLE_PREVIEWS = YES;
				GENERATE_INFOPLIST_FILE = YES;
				INFOPLIST_KEY_UIApplicationSceneManifest_Generation = YES;
				INFOPLIST_KEY_UIApplicationSupportsIndirectInputEvents = YES;
				INFOPLIST_KEY_UILaunchScreen_Generation = YES;
				INFOPLIST_KEY_UISupportedInterfaceOrientations_iPad = "UIInterfaceOrientationPortrait UIInterfaceOrientationPortraitUpsideDown UIInterfaceOrientationLandscapeLeft UIInterfaceOrientationLandscapeRight";
				INFOPLIST_KEY_UISupportedInterfaceOrientations_iPhone = "UIInterfaceOrientationPortrait UIInterfaceOrientationLandscapeLeft UIInterfaceOrientationLandscapeRight";
				LD_RUNPATH_SEARCH_PATHS = (
					"$(inherited)",
					"@executable_path/Frameworks",
				);
				MARKETING_VERSION = 1.0;
				PRODUCT_BUNDLE_IDENTIFIER = edu.davidrynn.SwiftChartsDemo;
				PRODUCT_NAME = "$(TARGET_NAME)";
				SWIFT_EMIT_LOC_STRINGS = YES;
				SWIFT_VERSION = 5.0;
				TARGETED_DEVICE_FAMILY = "1,2";
			};
			name = Debug;
		};
		22A2843C285D202700EC7D7F /* Release */ = {
			isa = XCBuildConfiguration;
			buildSettings = {
				ASSETCATALOG_COMPILER_APPICON_NAME = AppIcon;
				ASSETCATALOG_COMPILER_GLOBAL_ACCENT_COLOR_NAME = AccentColor;
				CODE_SIGN_STYLE = Automatic;
				CURRENT_PROJECT_VERSION = 1;
				DEVELOPMENT_ASSET_PATHS = "\"SwiftChartsDemo/Preview Content\"";
				DEVELOPMENT_TEAM = 3KR65ZULS9;
				ENABLE_PREVIEWS = YES;
				GENERATE_INFOPLIST_FILE = YES;
				INFOPLIST_KEY_UIApplicationSceneManifest_Generation = YES;
				INFOPLIST_KEY_UIApplicationSupportsIndirectInputEvents = YES;
				INFOPLIST_KEY_UILaunchScreen_Generation = YES;
				INFOPLIST_KEY_UISupportedInterfaceOrientations_iPad = "UIInterfaceOrientationPortrait UIInterfaceOrientationPortraitUpsideDown UIInterfaceOrientationLandscapeLeft UIInterfaceOrientationLandscapeRight";
				INFOPLIST_KEY_UISupportedInterfaceOrientations_iPhone = "UIInterfaceOrientationPortrait UIInterfaceOrientationLandscapeLeft UIInterfaceOrientationLandscapeRight";
				LD_RUNPATH_SEARCH_PATHS = (
					"$(inherited)",
					"@executable_path/Frameworks",
				);
				MARKETING_VERSION = 1.0;
				PRODUCT_BUNDLE_IDENTIFIER = edu.davidrynn.SwiftChartsDemo;
				PRODUCT_NAME = "$(TARGET_NAME)";
				SWIFT_EMIT_LOC_STRINGS = YES;
				SWIFT_VERSION = 5.0;
				TARGETED_DEVICE_FAMILY = "1,2";
			};
			name = Release;
		};
		22A2843E285D202700EC7D7F /* Debug */ = {
			isa = XCBuildConfiguration;
			buildSettings = {
				ALWAYS_EMBED_SWIFT_STANDARD_LIBRARIES = YES;
				BUNDLE_LOADER = "$(TEST_HOST)";
				CODE_SIGN_STYLE = Automatic;
				CURRENT_PROJECT_VERSION = 1;
				DEVELOPMENT_TEAM = 3KR65ZULS9;
				GENERATE_INFOPLIST_FILE = YES;
				IPHONEOS_DEPLOYMENT_TARGET = 16.0;
				MARKETING_VERSION = 1.0;
				PRODUCT_BUNDLE_IDENTIFIER = edu.davidrynn.SwiftChartsDemoTests;
				PRODUCT_NAME = "$(TARGET_NAME)";
				SWIFT_EMIT_LOC_STRINGS = NO;
				SWIFT_VERSION = 5.0;
				TARGETED_DEVICE_FAMILY = "1,2";
				TEST_HOST = "$(BUILT_PRODUCTS_DIR)/SwiftChartsDemo.app/$(BUNDLE_EXECUTABLE_FOLDER_PATH)/SwiftChartsDemo";
			};
			name = Debug;
		};
		22A2843F285D202700EC7D7F /* Release */ = {
			isa = XCBuildConfiguration;
			buildSettings = {
				ALWAYS_EMBED_SWIFT_STANDARD_LIBRARIES = YES;
				BUNDLE_LOADER = "$(TEST_HOST)";
				CODE_SIGN_STYLE = Automatic;
				CURRENT_PROJECT_VERSION = 1;
				DEVELOPMENT_TEAM = 3KR65ZULS9;
				GENERATE_INFOPLIST_FILE = YES;
				IPHONEOS_DEPLOYMENT_TARGET = 16.0;
				MARKETING_VERSION = 1.0;
				PRODUCT_BUNDLE_IDENTIFIER = edu.davidrynn.SwiftChartsDemoTests;
				PRODUCT_NAME = "$(TARGET_NAME)";
				SWIFT_EMIT_LOC_STRINGS = NO;
				SWIFT_VERSION = 5.0;
				TARGETED_DEVICE_FAMILY = "1,2";
				TEST_HOST = "$(BUILT_PRODUCTS_DIR)/SwiftChartsDemo.app/$(BUNDLE_EXECUTABLE_FOLDER_PATH)/SwiftChartsDemo";
			};
			name = Release;
		};
		22A28441285D202700EC7D7F /* Debug */ = {
			isa = XCBuildConfiguration;
			buildSettings = {
				ALWAYS_EMBED_SWIFT_STANDARD_LIBRARIES = YES;
				CODE_SIGN_STYLE = Automatic;
				CURRENT_PROJECT_VERSION = 1;
				DEVELOPMENT_TEAM = 3KR65ZULS9;
				GENERATE_INFOPLIST_FILE = YES;
				MARKETING_VERSION = 1.0;
				PRODUCT_BUNDLE_IDENTIFIER = edu.davidrynn.SwiftChartsDemoUITests;
				PRODUCT_NAME = "$(TARGET_NAME)";
				SWIFT_EMIT_LOC_STRINGS = NO;
				SWIFT_VERSION = 5.0;
				TARGETED_DEVICE_FAMILY = "1,2";
				TEST_TARGET_NAME = SwiftChartsDemo;
			};
			name = Debug;
		};
		22A28442285D202700EC7D7F /* Release */ = {
			isa = XCBuildConfiguration;
			buildSettings = {
				ALWAYS_EMBED_SWIFT_STANDARD_LIBRARIES = YES;
				CODE_SIGN_STYLE = Automatic;
				CURRENT_PROJECT_VERSION = 1;
				DEVELOPMENT_TEAM = 3KR65ZULS9;
				GENERATE_INFOPLIST_FILE = YES;
				MARKETING_VERSION = 1.0;
				PRODUCT_BUNDLE_IDENTIFIER = edu.davidrynn.SwiftChartsDemoUITests;
				PRODUCT_NAME = "$(TARGET_NAME)";
				SWIFT_EMIT_LOC_STRINGS = NO;
				SWIFT_VERSION = 5.0;
				TARGETED_DEVICE_FAMILY = "1,2";
				TEST_TARGET_NAME = SwiftChartsDemo;
			};
			name = Release;
		};
/* End XCBuildConfiguration section */

/* Begin XCConfigurationList section */
		22A28411285D202600EC7D7F /* Build configuration list for PBXProject "SwiftChartsDemo" */ = {
			isa = XCConfigurationList;
			buildConfigurations = (
				22A28438285D202700EC7D7F /* Debug */,
				22A28439285D202700EC7D7F /* Release */,
			);
			defaultConfigurationIsVisible = 0;
			defaultConfigurationName = Release;
		};
		22A2843A285D202700EC7D7F /* Build configuration list for PBXNativeTarget "SwiftChartsDemo" */ = {
			isa = XCConfigurationList;
			buildConfigurations = (
				22A2843B285D202700EC7D7F /* Debug */,
				22A2843C285D202700EC7D7F /* Release */,
			);
			defaultConfigurationIsVisible = 0;
			defaultConfigurationName = Release;
		};
		22A2843D285D202700EC7D7F /* Build configuration list for PBXNativeTarget "SwiftChartsDemoTests" */ = {
			isa = XCConfigurationList;
			buildConfigurations = (
				22A2843E285D202700EC7D7F /* Debug */,
				22A2843F285D202700EC7D7F /* Release */,
			);
			defaultConfigurationIsVisible = 0;
			defaultConfigurationName = Release;
		};
		22A28440285D202700EC7D7F /* Build configuration list for PBXNativeTarget "SwiftChartsDemoUITests" */ = {
			isa = XCConfigurationList;
			buildConfigurations = (
				22A28441285D202700EC7D7F /* Debug */,
				22A28442285D202700EC7D7F /* Release */,
			);
			defaultConfigurationIsVisible = 0;
			defaultConfigurationName = Release;
		};
/* End XCConfigurationList section */
	};
	rootObject = 22A2840E285D202600EC7D7F /* Project object */;
}
